
Microsoft Visual Studio Solution File, Format Version 12.00
# Visual Studio 15
VisualStudioVersion = 15.0.28307.489
MinimumVisualStudioVersion = 10.0.40219.1
Project("{FAE04EC0-301F-11D3-BF4B-00C04F79EFBC}") = "服装网购系统", "服装网购系统\服装网购系统.csproj", "{8E383247-F128-4F66-9D57-F75D01BFAE23}"
EndProject
Global
	GlobalSection(SolutionConfigurationPlatforms) = preSolution
		Debug|Any CPU = Debug|Any CPU
		Release|Any CPU = Release|Any CPU
	EndGlobalSection
	GlobalSection(ProjectConfigurationPlatforms) = postSolution
		{8E383247-F128-4F66-9D57-F75D01BFAE23}.Debug|Any CPU.ActiveCfg = Debug|Any CPU
		{8E383247-F128-4F66-9D57-F75D01BFAE23}.Debug|Any CPU.Build.0 = Debug|Any CPU
		{8E383247-F128-4F66-9D57-F75D01BFAE23}.Release|Any CPU.ActiveCfg = Release|Any CPU
		{8E383247-F128-4F66-9D57-F75D01BFAE23}.Release|Any CPU.Build.0 = Release|Any CPU
	EndGlobalSection
	GlobalSection(SolutionProperties) = preSolution
		HideSolutionNode = FALSE
	EndGlobalSection
	GlobalSection(ExtensibilityGlobals) = postSolution
		SolutionGuid = {BAB9E51A-3093-40A5-8649-7FE55B63112D}
	EndGlobalSection
EndGlobal
